
Microsoft Visual Studio Solution File, Format Version 12.00
# Visual Studio Version 17
VisualStudioVersion = 17.14.36202.13
MinimumVisualStudioVersion = 10.0.40219.1
Project("{FAE04EC0-301F-11D3-BF4B-00C04F79EFBC}") = "Monero", "Monero\Monero.csproj", "{DA177BA4-AA4F-48DB-8F0A-F15D04B84A5F}"
EndProject
Project("{FAE04EC0-301F-11D3-BF4B-00C04F79EFBC}") = "Monero.Test", "Monero.Test\Monero.Test.csproj", "{68899F01-BA02-4FAA-879D-93EAD566E0D1}"
EndProject
Global
	GlobalSection(SolutionConfigurationPlatforms) = preSolution
		Debug|Any CPU = Debug|Any CPU
		Release|Any CPU = Release|Any CPU
	EndGlobalSection
	GlobalSection(ProjectConfigurationPlatforms) = postSolution
		{DA177BA4-AA4F-48DB-8F0A-F15D04B84A5F}.Debug|Any CPU.ActiveCfg = Debug|Any CPU
		{DA177BA4-AA4F-48DB-8F0A-F15D04B84A5F}.Debug|Any CPU.Build.0 = Debug|Any CPU
		{DA177BA4-AA4F-48DB-8F0A-F15D04B84A5F}.Release|Any CPU.ActiveCfg = Release|Any CPU
		{DA177BA4-AA4F-48DB-8F0A-F15D04B84A5F}.Release|Any CPU.Build.0 = Release|Any CPU
		{68899F01-BA02-4FAA-879D-93EAD566E0D1}.Debug|Any CPU.ActiveCfg = Debug|Any CPU
		{68899F01-BA02-4FAA-879D-93EAD566E0D1}.Debug|Any CPU.Build.0 = Debug|Any CPU
		{68899F01-BA02-4FAA-879D-93EAD566E0D1}.Release|Any CPU.ActiveCfg = Release|Any CPU
		{68899F01-BA02-4FAA-879D-93EAD566E0D1}.Release|Any CPU.Build.0 = Release|Any CPU
	EndGlobalSection
	GlobalSection(SolutionProperties) = preSolution
		HideSolutionNode = FALSE
	EndGlobalSection
	GlobalSection(ExtensibilityGlobals) = postSolution
		SolutionGuid = {C480CC3D-8189-4C97-B020-CDE0AF543791}
	EndGlobalSection
EndGlobal
